Microsoft Visual Studio Solution File, Format Version 12.00
# Visual Studio Version 17
VisualStudioVersion = 17.2.32210.308
MinimumVisualStudioVersion = 15.0.26124.0

Project("{2150E333-8FDC-42A3-9474-1A3956D46DE8}") = "Tests", "Tests", "{1D1AF890-DA7F-42AD-B1CA-1EC40A956D69}"
EndProject
Project("{9A19103F-16F7-4668-BE54-9A1E7A4F7556}") = "UnoApp1", "UnoApp1\UnoApp1.csproj", "{A2F561E2-EF1F-4C2F-838D-AF14E2600447}"
EndProject
Project("{9A19103F-16F7-4668-BE54-9A1E7A4F7556}") = "UnoApp1.Tests", "UnoApp1.Tests\UnoApp1.Tests.csproj", "{E4F0CCBF-7C08-4DC9-BCAA-73ADBD24D69C}"
EndProject
Project("{9A19103F-16F7-4668-BE54-9A1E7A4F7556}") = "UnoApp1.UITests", "UnoApp1.UITests\UnoApp1.UITests.csproj", "{A7E2EFDA-AC3A-45F6-900B-14701A5E1136}"
EndProject

Project("{2150E333-8FDC-42A3-9474-1A3956D46DE8}") = "Solution Items", "Solution Items", "{BADA71DC-7FFD-4EDC-9F28-FB74AEADC713}"
	ProjectSection(SolutionItems) = preProject
		.editorconfig = .editorconfig
		.gitignore = .gitignore
		.vsconfig = .vsconfig
		Directory.Build.props = Directory.Build.props
		Directory.Build.targets = Directory.Build.targets
		Directory.Packages.props = Directory.Packages.props
		global.json = global.json
	EndProjectSection
EndProject
Global
	GlobalSection(SolutionConfigurationPlatforms) = preSolution
		Debug|Any CPU = Debug|Any CPU
		Debug|ARM = Debug|ARM
		Debug|ARM64 = Debug|ARM64
		Debug|iPhone = Debug|iPhone
		Debug|iPhoneSimulator = Debug|iPhoneSimulator
		Debug|x64 = Debug|x64
		Debug|x86 = Debug|x86
		Release|Any CPU = Release|Any CPU
		Release|ARM = Release|ARM
		Release|ARM64 = Release|ARM64
		Release|iPhone = Release|iPhone
		Release|iPhoneSimulator = Release|iPhoneSimulator
		Release|x64 = Release|x64
		Release|x86 = Release|x86
	EndGlobalSection
	GlobalSection(ProjectConfigurationPlatforms) = postSolution
		{A2F561E2-EF1F-4C2F-838D-AF14E2600447}.Debug|Any CPU.ActiveCfg = Debug|Any CPU
		{A2F561E2-EF1F-4C2F-838D-AF14E2600447}.Debug|Any CPU.Build.0 = Debug|Any CPU
		{A2F561E2-EF1F-4C2F-838D-AF14E2600447}.Debug|Any CPU.Deploy.0 = Debug|Any CPU
		{A2F561E2-EF1F-4C2F-838D-AF14E2600447}.Debug|ARM.ActiveCfg = Debug|Any CPU
		{A2F561E2-EF1F-4C2F-838D-AF14E2600447}.Debug|ARM.Build.0 = Debug|Any CPU
		{A2F561E2-EF1F-4C2F-838D-AF14E2600447}.Debug|ARM.Deploy.0 = Debug|Any CPU
		{A2F561E2-EF1F-4C2F-838D-AF14E2600447}.Debug|ARM64.ActiveCfg = Debug|Any CPU
		{A2F561E2-EF1F-4C2F-838D-AF14E2600447}.Debug|ARM64.Build.0 = Debug|Any CPU
		{A2F561E2-EF1F-4C2F-838D-AF14E2600447}.Debug|ARM64.Deploy.0 = Debug|Any CPU
		{A2F561E2-EF1F-4C2F-838D-AF14E2600447}.Debug|iPhone.ActiveCfg = Debug|Any CPU
		{A2F561E2-EF1F-4C2F-838D-AF14E2600447}.Debug|iPhone.Build.0 = Debug|Any CPU
		{A2F561E2-EF1F-4C2F-838D-AF14E2600447}.Debug|iPhone.Deploy.0 = Debug|Any CPU
		{A2F561E2-EF1F-4C2F-838D-AF14E2600447}.Debug|iPhoneSimulator.ActiveCfg = Debug|Any CPU
		{A2F561E2-EF1F-4C2F-838D-AF14E2600447}.Debug|iPhoneSimulator.Build.0 = Debug|Any CPU
		{A2F561E2-EF1F-4C2F-838D-AF14E2600447}.Debug|iPhoneSimulator.Deploy.0 = Debug|Any CPU
		{A2F561E2-EF1F-4C2F-838D-AF14E2600447}.Debug|x64.ActiveCfg = Debug|Any CPU
		{A2F561E2-EF1F-4C2F-838D-AF14E2600447}.Debug|x64.Build.0 = Debug|Any CPU
		{A2F561E2-EF1F-4C2F-838D-AF14E2600447}.Debug|x64.Deploy.0 = Debug|Any CPU
		{A2F561E2-EF1F-4C2F-838D-AF14E2600447}.Debug|x86.ActiveCfg = Debug|Any CPU
		{A2F561E2-EF1F-4C2F-838D-AF14E2600447}.Debug|x86.Build.0 = Debug|Any CPU
		{A2F561E2-EF1F-4C2F-838D-AF14E2600447}.Debug|x86.Deploy.0 = Debug|Any CPU
		{A2F561E2-EF1F-4C2F-838D-AF14E2600447}.Release|Any CPU.ActiveCfg = Release|Any CPU
		{A2F561E2-EF1F-4C2F-838D-AF14E2600447}.Release|Any CPU.Build.0 = Release|Any CPU
		{A2F561E2-EF1F-4C2F-838D-AF14E2600447}.Release|Any CPU.Deploy.0 = Release|Any CPU
		{A2F561E2-EF1F-4C2F-838D-AF14E2600447}.Release|ARM.ActiveCfg = Release|Any CPU
		{A2F561E2-EF1F-4C2F-838D-AF14E2600447}.Release|ARM.Build.0 = Release|Any CPU
		{A2F561E2-EF1F-4C2F-838D-AF14E2600447}.Release|ARM.Deploy.0 = Release|Any CPU
		{A2F561E2-EF1F-4C2F-838D-AF14E2600447}.Release|ARM64.ActiveCfg = Release|Any CPU
		{A2F561E2-EF1F-4C2F-838D-AF14E2600447}.Release|ARM64.Build.0 = Release|Any CPU
		{A2F561E2-EF1F-4C2F-838D-AF14E2600447}.Release|ARM64.Deploy.0 = Release|Any CPU
		{A2F561E2-EF1F-4C2F-838D-AF14E2600447}.Release|iPhone.ActiveCfg = Release|Any CPU
		{A2F561E2-EF1F-4C2F-838D-AF14E2600447}.Release|iPhone.Build.0 = Release|Any CPU
		{A2F561E2-EF1F-4C2F-838D-AF14E2600447}.Release|iPhone.Deploy.0 = Release|Any CPU
		{A2F561E2-EF1F-4C2F-838D-AF14E2600447}.Release|iPhoneSimulator.ActiveCfg = Release|Any CPU
		{A2F561E2-EF1F-4C2F-838D-AF14E2600447}.Release|iPhoneSimulator.Build.0 = Release|Any CPU
		{A2F561E2-EF1F-4C2F-838D-AF14E2600447}.Release|iPhoneSimulator.Deploy.0 = Release|Any CPU
		{A2F561E2-EF1F-4C2F-838D-AF14E2600447}.Release|x64.ActiveCfg = Release|Any CPU
		{A2F561E2-EF1F-4C2F-838D-AF14E2600447}.Release|x64.Build.0 = Release|Any CPU
		{A2F561E2-EF1F-4C2F-838D-AF14E2600447}.Release|x64.Deploy.0 = Release|Any CPU
		{A2F561E2-EF1F-4C2F-838D-AF14E2600447}.Release|x86.ActiveCfg = Release|Any CPU
		{A2F561E2-EF1F-4C2F-838D-AF14E2600447}.Release|x86.Build.0 = Release|Any CPU
		{A2F561E2-EF1F-4C2F-838D-AF14E2600447}.Release|x86.Deploy.0 = Release|Any CPU
		{E4F0CCBF-7C08-4DC9-BCAA-73ADBD24D69C}.Debug|Any CPU.ActiveCfg = Debug|Any CPU
		{E4F0CCBF-7C08-4DC9-BCAA-73ADBD24D69C}.Debug|Any CPU.Build.0 = Debug|Any CPU
		{E4F0CCBF-7C08-4DC9-BCAA-73ADBD24D69C}.Debug|ARM.ActiveCfg = Debug|Any CPU
		{E4F0CCBF-7C08-4DC9-BCAA-73ADBD24D69C}.Debug|ARM.Build.0 = Debug|Any CPU
		{E4F0CCBF-7C08-4DC9-BCAA-73ADBD24D69C}.Debug|ARM64.ActiveCfg = Debug|Any CPU
		{E4F0CCBF-7C08-4DC9-BCAA-73ADBD24D69C}.Debug|ARM64.Build.0 = Debug|Any CPU
		{E4F0CCBF-7C08-4DC9-BCAA-73ADBD24D69C}.Debug|iPhone.ActiveCfg = Debug|Any CPU
		{E4F0CCBF-7C08-4DC9-BCAA-73ADBD24D69C}.Debug|iPhone.Build.0 = Debug|Any CPU
		{E4F0CCBF-7C08-4DC9-BCAA-73ADBD24D69C}.Debug|iPhoneSimulator.ActiveCfg = Debug|Any CPU
		{E4F0CCBF-7C08-4DC9-BCAA-73ADBD24D69C}.Debug|iPhoneSimulator.Build.0 = Debug|Any CPU
		{E4F0CCBF-7C08-4DC9-BCAA-73ADBD24D69C}.Debug|x64.ActiveCfg = Debug|Any CPU
		{E4F0CCBF-7C08-4DC9-BCAA-73ADBD24D69C}.Debug|x64.Build.0 = Debug|Any CPU
		{E4F0CCBF-7C08-4DC9-BCAA-73ADBD24D69C}.Debug|x86.ActiveCfg = Debug|Any CPU
		{E4F0CCBF-7C08-4DC9-BCAA-73ADBD24D69C}.Debug|x86.Build.0 = Debug|Any CPU
		{E4F0CCBF-7C08-4DC9-BCAA-73ADBD24D69C}.Release|Any CPU.ActiveCfg = Release|Any CPU
		{E4F0CCBF-7C08-4DC9-BCAA-73ADBD24D69C}.Release|Any CPU.Build.0 = Release|Any CPU
		{E4F0CCBF-7C08-4DC9-BCAA-73ADBD24D69C}.Release|ARM.ActiveCfg = Release|Any CPU
		{E4F0CCBF-7C08-4DC9-BCAA-73ADBD24D69C}.Release|ARM.Build.0 = Release|Any CPU
		{E4F0CCBF-7C08-4DC9-BCAA-73ADBD24D69C}.Release|ARM64.ActiveCfg = Release|Any CPU
		{E4F0CCBF-7C08-4DC9-BCAA-73ADBD24D69C}.Release|ARM64.Build.0 = Release|Any CPU
		{E4F0CCBF-7C08-4DC9-BCAA-73ADBD24D69C}.Release|iPhone.ActiveCfg = Release|Any CPU
		{E4F0CCBF-7C08-4DC9-BCAA-73ADBD24D69C}.Release|iPhone.Build.0 = Release|Any CPU
		{E4F0CCBF-7C08-4DC9-BCAA-73ADBD24D69C}.Release|iPhoneSimulator.ActiveCfg = Release|Any CPU
		{E4F0CCBF-7C08-4DC9-BCAA-73ADBD24D69C}.Release|iPhoneSimulator.Build.0 = Release|Any CPU
		{E4F0CCBF-7C08-4DC9-BCAA-73ADBD24D69C}.Release|x64.ActiveCfg = Release|Any CPU
		{E4F0CCBF-7C08-4DC9-BCAA-73ADBD24D69C}.Release|x64.Build.0 = Release|Any CPU
		{E4F0CCBF-7C08-4DC9-BCAA-73ADBD24D69C}.Release|x86.ActiveCfg = Release|Any CPU
		{E4F0CCBF-7C08-4DC9-BCAA-73ADBD24D69C}.Release|x86.Build.0 = Release|Any CPU
		{A7E2EFDA-AC3A-45F6-900B-14701A5E1136}.Debug|Any CPU.ActiveCfg = Debug|Any CPU
		{A7E2EFDA-AC3A-45F6-900B-14701A5E1136}.Debug|Any CPU.Build.0 = Debug|Any CPU
		{A7E2EFDA-AC3A-45F6-900B-14701A5E1136}.Debug|ARM.ActiveCfg = Debug|Any CPU
		{A7E2EFDA-AC3A-45F6-900B-14701A5E1136}.Debug|ARM.Build.0 = Debug|Any CPU
		{A7E2EFDA-AC3A-45F6-900B-14701A5E1136}.Debug|ARM64.ActiveCfg = Debug|Any CPU
		{A7E2EFDA-AC3A-45F6-900B-14701A5E1136}.Debug|ARM64.Build.0 = Debug|Any CPU
		{A7E2EFDA-AC3A-45F6-900B-14701A5E1136}.Debug|iPhone.ActiveCfg = Debug|Any CPU
		{A7E2EFDA-AC3A-45F6-900B-14701A5E1136}.Debug|iPhone.Build.0 = Debug|Any CPU
		{A7E2EFDA-AC3A-45F6-900B-14701A5E1136}.Debug|iPhoneSimulator.ActiveCfg = Debug|Any CPU
		{A7E2EFDA-AC3A-45F6-900B-14701A5E1136}.Debug|iPhoneSimulator.Build.0 = Debug|Any CPU
		{A7E2EFDA-AC3A-45F6-900B-14701A5E1136}.Debug|x64.ActiveCfg = Debug|Any CPU
		{A7E2EFDA-AC3A-45F6-900B-14701A5E1136}.Debug|x64.Build.0 = Debug|Any CPU
		{A7E2EFDA-AC3A-45F6-900B-14701A5E1136}.Debug|x86.ActiveCfg = Debug|Any CPU
		{A7E2EFDA-AC3A-45F6-900B-14701A5E1136}.Debug|x86.Build.0 = Debug|Any CPU
		{A7E2EFDA-AC3A-45F6-900B-14701A5E1136}.Release|Any CPU.ActiveCfg = Release|Any CPU
		{A7E2EFDA-AC3A-45F6-900B-14701A5E1136}.Release|Any CPU.Build.0 = Release|Any CPU
		{A7E2EFDA-AC3A-45F6-900B-14701A5E1136}.Release|ARM.ActiveCfg = Release|Any CPU
		{A7E2EFDA-AC3A-45F6-900B-14701A5E1136}.Release|ARM.Build.0 = Release|Any CPU
		{A7E2EFDA-AC3A-45F6-900B-14701A5E1136}.Release|ARM64.ActiveCfg = Release|Any CPU
		{A7E2EFDA-AC3A-45F6-900B-14701A5E1136}.Release|ARM64.Build.0 = Release|Any CPU
		{A7E2EFDA-AC3A-45F6-900B-14701A5E1136}.Release|iPhone.ActiveCfg = Release|Any CPU
		{A7E2EFDA-AC3A-45F6-900B-14701A5E1136}.Release|iPhone.Build.0 = Release|Any CPU
		{A7E2EFDA-AC3A-45F6-900B-14701A5E1136}.Release|iPhoneSimulator.ActiveCfg = Release|Any CPU
		{A7E2EFDA-AC3A-45F6-900B-14701A5E1136}.Release|iPhoneSimulator.Build.0 = Release|Any CPU
		{A7E2EFDA-AC3A-45F6-900B-14701A5E1136}.Release|x64.ActiveCfg = Release|Any CPU
		{A7E2EFDA-AC3A-45F6-900B-14701A5E1136}.Release|x64.Build.0 = Release|Any CPU
		{A7E2EFDA-AC3A-45F6-900B-14701A5E1136}.Release|x86.ActiveCfg = Release|Any CPU
		{A7E2EFDA-AC3A-45F6-900B-14701A5E1136}.Release|x86.Build.0 = Release|Any CPU
	EndGlobalSection
	GlobalSection(SolutionProperties) = preSolution
		HideSolutionNode = FALSE
	EndGlobalSection
	GlobalSection(NestedProjects) = preSolution
		{E4F0CCBF-7C08-4DC9-BCAA-73ADBD24D69C} = {1D1AF890-DA7F-42AD-B1CA-1EC40A956D69}
		{A7E2EFDA-AC3A-45F6-900B-14701A5E1136} = {1D1AF890-DA7F-42AD-B1CA-1EC40A956D69}
	EndGlobalSection
	GlobalSection(ExtensibilityGlobals) = postSolution
		SolutionGuid = {EB7BEC3D-ADBF-4BA2-BC1D-CF1F367EDEC9}
	EndGlobalSection
EndGlobal
